{
  "requires": true,
  "lockfileVersion": 1,
  "dependencies": {
    "@google/model-viewer": {
      "version": "1.3.0",
      "resolved": "https://registry.npmjs.org/@google/model-viewer/-/model-viewer-1.3.0.tgz",
      "integrity": "sha512-2oosAAH5pGfvdbgnEk7KgubtHaaRezWopeICe1baA9OkcpfWGgrizSteiK0yqpsu3oJTN9w7FdFSIGcoKoXysA=="
    },
    "@webcomponents/webcomponentsjs": {
      "version": "2.5.0",
      "resolved": "https://registry.npmjs.org/@webcomponents/webcomponentsjs/-/webcomponentsjs-2.5.0.tgz",
      "integrity": "sha512-C0l51MWQZ9kLzcxOZtniOMohpIFdCLZum7/TEHv3XWFc1Fvt5HCpbSX84x8ltka/JuNKcuiDnxXFkiB2gaePcg=="
    },
    "fullscreen-polyfill": {
      "version": "1.0.4",
      "resolved": "https://registry.npmjs.org/fullscreen-polyfill/-/fullscreen-polyfill-1.0.4.tgz",
      "integrity": "sha512-oNQPCv6ULyajmTid3314SYZdyD4QzIC12WrO3D4BZoxo9ThtrvL70c9JAVsoVWTXmZwoQmEXcCHSP5tEcALAwA=="
    },
    "intersection-observer": {
      "version": "0.11.0",
      "resolved": "https://registry.npmjs.org/intersection-observer/-/intersection-observer-0.11.0.tgz",
      "integrity": "sha512-KZArj2QVnmdud9zTpKf279m2bbGfG+4/kn16UU0NL3pTVl52ZHiJ9IRNSsnn6jaHrL9EGLFM5eWjTx2fz/+zoQ=="
    },
    "resize-observer-polyfill": {
      "version": "1.5.1",
      "resolved": "https://registry.npmjs.org/resize-observer-polyfill/-/resize-observer-polyfill-1.5.1.tgz",
      "integrity": "sha512-LwZrotdHOo12nQuZlHEmtuXdqGoOD0OhaxopaNFxWzInpEgaLWoVuAMbTzixuosCx2nEG58ngzW3vxdWoxIgdg=="
    }
  }
}
